
Microsoft Visual Studio Solution File, Format Version 12.00
# Visual Studio 15
VisualStudioVersion = 15.0.28010.2050
MinimumVisualStudioVersion = 10.0.40219.1
Project("{888888A0-9F3D-457C-B088-3A5042F75D52}") = "NLP_Scraping", "NLP_Scraping\NLP_Scraping.pyproj", "{8267C896-3103-4F7E-894A-B8B5CD387A10}"
EndProject
Project("{888888A0-9F3D-457C-B088-3A5042F75D52}") = "Sentiment_prog", "Sentiment_prog\Sentiment_prog.pyproj", "{70CF52BA-300B-40D7-8162-068148B70D27}"
EndProject
Global
	GlobalSection(SolutionConfigurationPlatforms) = preSolution
		Debug|Any CPU = Debug|Any CPU
		Release|Any CPU = Release|Any CPU
	EndGlobalSection
	GlobalSection(ProjectConfigurationPlatforms) = postSolution
		{8267C896-3103-4F7E-894A-B8B5CD387A10}.Debug|Any CPU.ActiveCfg = Debug|Any CPU
		{8267C896-3103-4F7E-894A-B8B5CD387A10}.Release|Any CPU.ActiveCfg = Release|Any CPU
		{70CF52BA-300B-40D7-8162-068148B70D27}.Debug|Any CPU.ActiveCfg = Debug|Any CPU
		{70CF52BA-300B-40D7-8162-068148B70D27}.Release|Any CPU.ActiveCfg = Release|Any CPU
	EndGlobalSection
	GlobalSection(SolutionProperties) = preSolution
		HideSolutionNode = FALSE
	EndGlobalSection
	GlobalSection(ExtensibilityGlobals) = postSolution
		SolutionGuid = {A38CD57F-E76A-4ED4-BC4C-8E09FCF7DF24}
	EndGlobalSection
EndGlobal
